
Microsoft Visual Studio Solution File, Format Version 12.00
# Visual Studio 15
VisualStudioVersion = 15.0.27130.2027
MinimumVisualStudioVersion = 10.0.40219.1
Project("{FAE04EC0-301F-11D3-BF4B-00C04F79EFBC}") = "ObjectMapper", "ObjectMapper\ObjectMapper.csproj", "{173EFEC8-9B57-49E6-952D-4DED3679646F}"
EndProject
Project("{FAE04EC0-301F-11D3-BF4B-00C04F79EFBC}") = "ObjectMapper.Tests", "ObjectMapper.Tests\ObjectMapper.Tests.csproj", "{DB5A4B85-BB38-4D4F-B681-B3115946DB6E}"
EndProject
Global
	GlobalSection(SolutionConfigurationPlatforms) = preSolution
		Debug|Any CPU = Debug|Any CPU
		Release|Any CPU = Release|Any CPU
	EndGlobalSection
	GlobalSection(ProjectConfigurationPlatforms) = postSolution
		{173EFEC8-9B57-49E6-952D-4DED3679646F}.Debug|Any CPU.ActiveCfg = Debug|Any CPU
		{173EFEC8-9B57-49E6-952D-4DED3679646F}.Debug|Any CPU.Build.0 = Debug|Any CPU
		{173EFEC8-9B57-49E6-952D-4DED3679646F}.Release|Any CPU.ActiveCfg = Release|Any CPU
		{173EFEC8-9B57-49E6-952D-4DED3679646F}.Release|Any CPU.Build.0 = Release|Any CPU
		{DB5A4B85-BB38-4D4F-B681-B3115946DB6E}.Debug|Any CPU.ActiveCfg = Debug|Any CPU
		{DB5A4B85-BB38-4D4F-B681-B3115946DB6E}.Debug|Any CPU.Build.0 = Debug|Any CPU
		{DB5A4B85-BB38-4D4F-B681-B3115946DB6E}.Release|Any CPU.ActiveCfg = Release|Any CPU
		{DB5A4B85-BB38-4D4F-B681-B3115946DB6E}.Release|Any CPU.Build.0 = Release|Any CPU
	EndGlobalSection
	GlobalSection(SolutionProperties) = preSolution
		HideSolutionNode = FALSE
	EndGlobalSection
	GlobalSection(ExtensibilityGlobals) = postSolution
		SolutionGuid = {B15951AD-D1DA-46D6-AE0B-E20F9C43A334}
	EndGlobalSection
EndGlobal
